
Microsoft Visual Studio Solution File, Format Version 12.00
# Visual Studio Version 16
VisualStudioVersion = 16.0.30517.126
MinimumVisualStudioVersion = 10.0.40219.1
Project("{FAE04EC0-301F-11D3-BF4B-00C04F79EFBC}") = "ChibatoDeDias", "ChibatoDeDias\ChibatoDeDias.csproj", "{9B848DF4-5F3D-459E-928D-5ABB78F5C1B7}"
EndProject
Global
	GlobalSection(SolutionConfigurationPlatforms) = preSolution
		Debug|Any CPU = Debug|Any CPU
		Release|Any CPU = Release|Any CPU
	EndGlobalSection
	GlobalSection(ProjectConfigurationPlatforms) = postSolution
		{9B848DF4-5F3D-459E-928D-5ABB78F5C1B7}.Debug|Any CPU.ActiveCfg = Debug|Any CPU
		{9B848DF4-5F3D-459E-928D-5ABB78F5C1B7}.Debug|Any CPU.Build.0 = Debug|Any CPU
		{9B848DF4-5F3D-459E-928D-5ABB78F5C1B7}.Release|Any CPU.ActiveCfg = Release|Any CPU
		{9B848DF4-5F3D-459E-928D-5ABB78F5C1B7}.Release|Any CPU.Build.0 = Release|Any CPU
	EndGlobalSection
	GlobalSection(SolutionProperties) = preSolution
		HideSolutionNode = FALSE
	EndGlobalSection
	GlobalSection(ExtensibilityGlobals) = postSolution
		SolutionGuid = {8EB21743-5293-4790-B26E-D52680A1AC39}
	EndGlobalSection
EndGlobal
